
Microsoft Visual Studio Solution File, Format Version 12.00
# Visual Studio Version 17
VisualStudioVersion = 17.5.33414.496
MinimumVisualStudioVersion = 10.0.40219.1
Project("{FAE04EC0-301F-11D3-BF4B-00C04F79EFBC}") = "P1_practica", "P1-practica\P1_practica.csproj", "{D3B0D3C0-9CC9-44DA-BA5C-642A31DA4D8C}"
EndProject
Global
	GlobalSection(SolutionConfigurationPlatforms) = preSolution
		Debug|Any CPU = Debug|Any CPU
		Release|Any CPU = Release|Any CPU
	EndGlobalSection
	GlobalSection(ProjectConfigurationPlatforms) = postSolution
		{D3B0D3C0-9CC9-44DA-BA5C-642A31DA4D8C}.Debug|Any CPU.ActiveCfg = Debug|Any CPU
		{D3B0D3C0-9CC9-44DA-BA5C-642A31DA4D8C}.Debug|Any CPU.Build.0 = Debug|Any CPU
		{D3B0D3C0-9CC9-44DA-BA5C-642A31DA4D8C}.Release|Any CPU.ActiveCfg = Release|Any CPU
		{D3B0D3C0-9CC9-44DA-BA5C-642A31DA4D8C}.Release|Any CPU.Build.0 = Release|Any CPU
	EndGlobalSection
	GlobalSection(SolutionProperties) = preSolution
		HideSolutionNode = FALSE
	EndGlobalSection
	GlobalSection(ExtensibilityGlobals) = postSolution
		SolutionGuid = {01D5BB62-44CF-4FE0-B8F8-13C3D53A11D0}
	EndGlobalSection
EndGlobal
